
Microsoft Visual Studio Solution File, Format Version 12.00
# Visual Studio Version 17
VisualStudioVersion = 17.14.36429.23
MinimumVisualStudioVersion = 10.0.40219.1
Project("{FAE04EC0-301F-11D3-BF4B-00C04F79EFBC}") = "Tyuiu.BayazitovEA.Sprint5.Task0.V6.Test", "Tyuiu.BayazitovEA.Sprint5.Task0.V6.Test\Tyuiu.BayazitovEA.Sprint5.Task0.V6.Test.csproj", "{0AF984C1-5AF7-4A71-B586-8EB4D11DE8FC}"
EndProject
Project("{FAE04EC0-301F-11D3-BF4B-00C04F79EFBC}") = "Tyuiu.BayazitovEA.Sprint5.Task0.V6.Lib", "Tyuiu.BayazitovEA.Sprint5.Task0.V6.Lib\Tyuiu.BayazitovEA.Sprint5.Task0.V6.Lib.csproj", "{CEDD711A-29D0-4E64-8F2B-F1D00A628784}"
EndProject
Project("{FAE04EC0-301F-11D3-BF4B-00C04F79EFBC}") = "Tyuiu.BayazitovEA.Sprint5.Task0.V6", "Tyuiu.BayazitovEA.Sprint5.Task0.V6\Tyuiu.BayazitovEA.Sprint5.Task0.V6.csproj", "{BB1720F2-765E-46A4-9BF9-E803DF0122AF}"
EndProject
Project("{2150E333-8FDC-42A3-9474-1A3956D46DE8}") = "Task0", "Task0", "{02EA681E-C7D8-13C7-8484-4AC65E1B71E8}"
EndProject
Project("{2150E333-8FDC-42A3-9474-1A3956D46DE8}") = "Task1", "Task1", "{D7A26F7A-4C49-40AE-8F9B-7B647AF15010}"
EndProject
Project("{FAE04EC0-301F-11D3-BF4B-00C04F79EFBC}") = "Tyuiu.BayazitovEA.Sprint5.Task1.V8.Lib", "Tyuiu.BayazitovEA.Sprint5.Task1.V8.Lib\Tyuiu.BayazitovEA.Sprint5.Task1.V8.Lib.csproj", "{D33830AC-C125-4398-8884-98DB2CE97E27}"
EndProject
Project("{FAE04EC0-301F-11D3-BF4B-00C04F79EFBC}") = "Tyuiu.BayazitovEA.Sprint5.Task1.V8", "Tyuiu.BayazitovEA.Sprint5.Task1.V8\Tyuiu.BayazitovEA.Sprint5.Task1.V8.csproj", "{5140E8C7-BEC8-4C2A-9415-94B84DD3FC02}"
EndProject
Project("{FAE04EC0-301F-11D3-BF4B-00C04F79EFBC}") = "Tyuiu.BayazitovEA.Sprint5.Task1.V8.Test", "Tyuiu.BayazitovEA.Sprint5.Task1.V8.Test\Tyuiu.BayazitovEA.Sprint5.Task1.V8.Test.csproj", "{78C28FC0-DCD9-41D7-86BE-69742AF9C102}"
EndProject
Project("{2150E333-8FDC-42A3-9474-1A3956D46DE8}") = "Task2", "Task2", "{95F8CA7A-76DB-496E-93B1-42B8BB0DB8D3}"
EndProject
Project("{FAE04EC0-301F-11D3-BF4B-00C04F79EFBC}") = "Tyuiu.BayazitovEA.Sprint5.Task2.V22.Lib", "Tyuiu.BayazitovEA.Sprint5.Task2.V22.Lib\Tyuiu.BayazitovEA.Sprint5.Task2.V22.Lib.csproj", "{C14DE987-2BA1-4FC1-BC1B-B9DD0A49CE5B}"
EndProject
Project("{FAE04EC0-301F-11D3-BF4B-00C04F79EFBC}") = "Tyuiu.BayazitovEA.Sprint5.Task2.V22.Test", "Tyuiu.BayazitovEA.Sprint5.Task2.V22.Test\Tyuiu.BayazitovEA.Sprint5.Task2.V22.Test.csproj", "{93AD8AE5-4BCB-418B-8DF2-A5201D6A73A7}"
EndProject
Project("{FAE04EC0-301F-11D3-BF4B-00C04F79EFBC}") = "Tyuiu.BayazitovEA.Sprint5.Task2.V22", "Tyuiu.BayazitovEA.Sprint5.Task2.V22\Tyuiu.BayazitovEA.Sprint5.Task2.V22.csproj", "{39C50341-CBAE-4E2D-B817-4860DF497205}"
EndProject
Project("{2150E333-8FDC-42A3-9474-1A3956D46DE8}") = "Task3", "Task3", "{A2D6E567-2475-4C11-91A8-E8EE5054A586}"
EndProject
Project("{FAE04EC0-301F-11D3-BF4B-00C04F79EFBC}") = "Tyuiu.BayazitovEA.Sprint5.Task3.V15.Lib", "Tyuiu.BayazitovEA.Sprint5.Task3.V15.Lib\Tyuiu.BayazitovEA.Sprint5.Task3.V15.Lib.csproj", "{1994554D-CF25-4E00-A163-386048B67538}"
EndProject
Project("{FAE04EC0-301F-11D3-BF4B-00C04F79EFBC}") = "Tyuiu.BayazitovEA.Sprint5.Task3.V15", "Tyuiu.BayazitovEA.Sprint5.Task3.V15\Tyuiu.BayazitovEA.Sprint5.Task3.V15.csproj", "{70075C98-BBFA-46BB-B2E5-F2F2A5E77E80}"
EndProject
Project("{FAE04EC0-301F-11D3-BF4B-00C04F79EFBC}") = "Tyuiu.BayazitovEA.Sprint5.Task3.V15.Test", "Tyuiu.BayazitovEA.Sprint5.Task3.V15.Test\Tyuiu.BayazitovEA.Sprint5.Task3.V15.Test.csproj", "{DF232545-12BE-40A4-9F4F-1F20C0CC4275}"
EndProject
Project("{2150E333-8FDC-42A3-9474-1A3956D46DE8}") = "Task4", "Task4", "{8F4A3E84-18C9-46F2-834E-9090E684CB3E}"
EndProject
Project("{FAE04EC0-301F-11D3-BF4B-00C04F79EFBC}") = "Tyuiu.BayazitovEA.Sprint5.Task4.V11.Test", "Tyuiu.BayazitovEA.Sprint5.Task4.V11.Test\Tyuiu.BayazitovEA.Sprint5.Task4.V11.Test.csproj", "{1F12CA63-7E82-4456-BAFD-6D50F39D1872}"
EndProject
Project("{FAE04EC0-301F-11D3-BF4B-00C04F79EFBC}") = "Tyuiu.BayazitovEA.Sprint5.Task4.V11", "Tyuiu.BayazitovEA.Sprint5.Task4.V11\Tyuiu.BayazitovEA.Sprint5.Task4.V11.csproj", "{5B40D6B1-242E-47F8-A61A-9C6245BFE2BE}"
EndProject
Project("{FAE04EC0-301F-11D3-BF4B-00C04F79EFBC}") = "Tyuiu.BayazitovEA.Sprint5.Task4.V11.Lib", "Tyuiu.BayazitovEA.Sprint5.Task4.V11.Lib\Tyuiu.BayazitovEA.Sprint5.Task4.V11.Lib.csproj", "{892D8B7C-8718-464F-9E77-5D10CBE30ABF}"
EndProject
Project("{2150E333-8FDC-42A3-9474-1A3956D46DE8}") = "Task5", "Task5", "{5E33C9A0-1444-4DBA-A320-14F29F39915F}"
EndProject
Project("{FAE04EC0-301F-11D3-BF4B-00C04F79EFBC}") = "Tyuiu.BayazitovEA.Sprint5.Task5.V30.Lib", "Tyuiu.BayazitovEA.Sprint5.Task5.V30.Lib\Tyuiu.BayazitovEA.Sprint5.Task5.V30.Lib.csproj", "{A8EBCD03-ED99-460A-A203-E2C2F7A85C9B}"
EndProject
Project("{FAE04EC0-301F-11D3-BF4B-00C04F79EFBC}") = "Tyuiu.BayazitovEA.Sprint5.Task5.V30", "Tyuiu.BayazitovEA.Sprint5.Task5.V30\Tyuiu.BayazitovEA.Sprint5.Task5.V30.csproj", "{B1D76C9A-1E37-41AC-BB3A-CD53DB87CA2F}"
EndProject
Project("{FAE04EC0-301F-11D3-BF4B-00C04F79EFBC}") = "Tyuiu.BayazitovEA.Sprint5.Task5.V30.Test", "Tyuiu.BayazitovEA.Sprint5.Task5.V30.Test\Tyuiu.BayazitovEA.Sprint5.Task5.V30.Test.csproj", "{7214D623-E232-4FAA-A955-83C9A193B70C}"
EndProject
Project("{2150E333-8FDC-42A3-9474-1A3956D46DE8}") = "Task6", "Task6", "{E1DD626F-3003-491A-AAFE-0B5D454639D5}"
EndProject
Project("{FAE04EC0-301F-11D3-BF4B-00C04F79EFBC}") = "Tyuiu.BayazitovEA.Sprint5.Task6.V15.Lib", "Tyuiu.BayazitovEA.Sprint5.Task6.V15.Lib\Tyuiu.BayazitovEA.Sprint5.Task6.V15.Lib.csproj", "{595A6407-F50F-4659-A425-9775CC8ECE09}"
EndProject
Project("{FAE04EC0-301F-11D3-BF4B-00C04F79EFBC}") = "Tyuiu.BayazitovEA.Sprint5.Task6.V15.Test", "Tyuiu.BayazitovEA.Sprint5.Task6.V15.Test\Tyuiu.BayazitovEA.Sprint5.Task6.V15.Test.csproj", "{DC8344E9-120A-4B53-B6A6-E500DC0E23CE}"
EndProject
Project("{FAE04EC0-301F-11D3-BF4B-00C04F79EFBC}") = "Tyuiu.BayazitovEA.Sprint5.Task6.V15", "Tyuiu.BayazitovEA.Sprint5.Task6.V15\Tyuiu.BayazitovEA.Sprint5.Task6.V15.csproj", "{C7424453-7FA3-4CB0-A32D-AF7A9F92210E}"
EndProject
Global
	GlobalSection(SolutionConfigurationPlatforms) = preSolution
		Debug|Any CPU = Debug|Any CPU
		Release|Any CPU = Release|Any CPU
	EndGlobalSection
	GlobalSection(ProjectConfigurationPlatforms) = postSolution
		{0AF984C1-5AF7-4A71-B586-8EB4D11DE8FC}.Debug|Any CPU.ActiveCfg = Debug|Any CPU
		{0AF984C1-5AF7-4A71-B586-8EB4D11DE8FC}.Debug|Any CPU.Build.0 = Debug|Any CPU
		{0AF984C1-5AF7-4A71-B586-8EB4D11DE8FC}.Release|Any CPU.ActiveCfg = Release|Any CPU
		{0AF984C1-5AF7-4A71-B586-8EB4D11DE8FC}.Release|Any CPU.Build.0 = Release|Any CPU
		{CEDD711A-29D0-4E64-8F2B-F1D00A628784}.Debug|Any CPU.ActiveCfg = Debug|Any CPU
		{CEDD711A-29D0-4E64-8F2B-F1D00A628784}.Debug|Any CPU.Build.0 = Debug|Any CPU
		{CEDD711A-29D0-4E64-8F2B-F1D00A628784}.Release|Any CPU.ActiveCfg = Release|Any CPU
		{CEDD711A-29D0-4E64-8F2B-F1D00A628784}.Release|Any CPU.Build.0 = Release|Any CPU
		{BB1720F2-765E-46A4-9BF9-E803DF0122AF}.Debug|Any CPU.ActiveCfg = Debug|Any CPU
		{BB1720F2-765E-46A4-9BF9-E803DF0122AF}.Debug|Any CPU.Build.0 = Debug|Any CPU
		{BB1720F2-765E-46A4-9BF9-E803DF0122AF}.Release|Any CPU.ActiveCfg = Release|Any CPU
		{BB1720F2-765E-46A4-9BF9-E803DF0122AF}.Release|Any CPU.Build.0 = Release|Any CPU
		{D33830AC-C125-4398-8884-98DB2CE97E27}.Debug|Any CPU.ActiveCfg = Debug|Any CPU
		{D33830AC-C125-4398-8884-98DB2CE97E27}.Debug|Any CPU.Build.0 = Debug|Any CPU
		{D33830AC-C125-4398-8884-98DB2CE97E27}.Release|Any CPU.ActiveCfg = Release|Any CPU
		{D33830AC-C125-4398-8884-98DB2CE97E27}.Release|Any CPU.Build.0 = Release|Any CPU
		{5140E8C7-BEC8-4C2A-9415-94B84DD3FC02}.Debug|Any CPU.ActiveCfg = Debug|Any CPU
		{5140E8C7-BEC8-4C2A-9415-94B84DD3FC02}.Debug|Any CPU.Build.0 = Debug|Any CPU
		{5140E8C7-BEC8-4C2A-9415-94B84DD3FC02}.Release|Any CPU.ActiveCfg = Release|Any CPU
		{5140E8C7-BEC8-4C2A-9415-94B84DD3FC02}.Release|Any CPU.Build.0 = Release|Any CPU
		{78C28FC0-DCD9-41D7-86BE-69742AF9C102}.Debug|Any CPU.ActiveCfg = Debug|Any CPU
		{78C28FC0-DCD9-41D7-86BE-69742AF9C102}.Debug|Any CPU.Build.0 = Debug|Any CPU
		{78C28FC0-DCD9-41D7-86BE-69742AF9C102}.Release|Any CPU.ActiveCfg = Release|Any CPU
		{78C28FC0-DCD9-41D7-86BE-69742AF9C102}.Release|Any CPU.Build.0 = Release|Any CPU
		{C14DE987-2BA1-4FC1-BC1B-B9DD0A49CE5B}.Debug|Any CPU.ActiveCfg = Debug|Any CPU
		{C14DE987-2BA1-4FC1-BC1B-B9DD0A49CE5B}.Debug|Any CPU.Build.0 = Debug|Any CPU
		{C14DE987-2BA1-4FC1-BC1B-B9DD0A49CE5B}.Release|Any CPU.ActiveCfg = Release|Any CPU
		{C14DE987-2BA1-4FC1-BC1B-B9DD0A49CE5B}.Release|Any CPU.Build.0 = Release|Any CPU
		{93AD8AE5-4BCB-418B-8DF2-A5201D6A73A7}.Debug|Any CPU.ActiveCfg = Debug|Any CPU
		{93AD8AE5-4BCB-418B-8DF2-A5201D6A73A7}.Debug|Any CPU.Build.0 = Debug|Any CPU
		{93AD8AE5-4BCB-418B-8DF2-A5201D6A73A7}.Release|Any CPU.ActiveCfg = Release|Any CPU
		{93AD8AE5-4BCB-418B-8DF2-A5201D6A73A7}.Release|Any CPU.Build.0 = Release|Any CPU
		{39C50341-CBAE-4E2D-B817-4860DF497205}.Debug|Any CPU.ActiveCfg = Debug|Any CPU
		{39C50341-CBAE-4E2D-B817-4860DF497205}.Debug|Any CPU.Build.0 = Debug|Any CPU
		{39C50341-CBAE-4E2D-B817-4860DF497205}.Release|Any CPU.ActiveCfg = Release|Any CPU
		{39C50341-CBAE-4E2D-B817-4860DF497205}.Release|Any CPU.Build.0 = Release|Any CPU
		{1994554D-CF25-4E00-A163-386048B67538}.Debug|Any CPU.ActiveCfg = Debug|Any CPU
		{1994554D-CF25-4E00-A163-386048B67538}.Debug|Any CPU.Build.0 = Debug|Any CPU
		{1994554D-CF25-4E00-A163-386048B67538}.Release|Any CPU.ActiveCfg = Release|Any CPU
		{1994554D-CF25-4E00-A163-386048B67538}.Release|Any CPU.Build.0 = Release|Any CPU
		{70075C98-BBFA-46BB-B2E5-F2F2A5E77E80}.Debug|Any CPU.ActiveCfg = Debug|Any CPU
		{70075C98-BBFA-46BB-B2E5-F2F2A5E77E80}.Debug|Any CPU.Build.0 = Debug|Any CPU
		{70075C98-BBFA-46BB-B2E5-F2F2A5E77E80}.Release|Any CPU.ActiveCfg = Release|Any CPU
		{70075C98-BBFA-46BB-B2E5-F2F2A5E77E80}.Release|Any CPU.Build.0 = Release|Any CPU
		{DF232545-12BE-40A4-9F4F-1F20C0CC4275}.Debug|Any CPU.ActiveCfg = Debug|Any CPU
		{DF232545-12BE-40A4-9F4F-1F20C0CC4275}.Debug|Any CPU.Build.0 = Debug|Any CPU
		{DF232545-12BE-40A4-9F4F-1F20C0CC4275}.Release|Any CPU.ActiveCfg = Release|Any CPU
		{DF232545-12BE-40A4-9F4F-1F20C0CC4275}.Release|Any CPU.Build.0 = Release|Any CPU
		{1F12CA63-7E82-4456-BAFD-6D50F39D1872}.Debug|Any CPU.ActiveCfg = Debug|Any CPU
		{1F12CA63-7E82-4456-BAFD-6D50F39D1872}.Debug|Any CPU.Build.0 = Debug|Any CPU
		{1F12CA63-7E82-4456-BAFD-6D50F39D1872}.Release|Any CPU.ActiveCfg = Release|Any CPU
		{1F12CA63-7E82-4456-BAFD-6D50F39D1872}.Release|Any CPU.Build.0 = Release|Any CPU
		{5B40D6B1-242E-47F8-A61A-9C6245BFE2BE}.Debug|Any CPU.ActiveCfg = Debug|Any CPU
		{5B40D6B1-242E-47F8-A61A-9C6245BFE2BE}.Debug|Any CPU.Build.0 = Debug|Any CPU
		{5B40D6B1-242E-47F8-A61A-9C6245BFE2BE}.Release|Any CPU.ActiveCfg = Release|Any CPU
		{5B40D6B1-242E-47F8-A61A-9C6245BFE2BE}.Release|Any CPU.Build.0 = Release|Any CPU
		{892D8B7C-8718-464F-9E77-5D10CBE30ABF}.Debug|Any CPU.ActiveCfg = Debug|Any CPU
		{892D8B7C-8718-464F-9E77-5D10CBE30ABF}.Debug|Any CPU.Build.0 = Debug|Any CPU
		{892D8B7C-8718-464F-9E77-5D10CBE30ABF}.Release|Any CPU.ActiveCfg = Release|Any CPU
		{892D8B7C-8718-464F-9E77-5D10CBE30ABF}.Release|Any CPU.Build.0 = Release|Any CPU
		{A8EBCD03-ED99-460A-A203-E2C2F7A85C9B}.Debug|Any CPU.ActiveCfg = Debug|Any CPU
		{A8EBCD03-ED99-460A-A203-E2C2F7A85C9B}.Debug|Any CPU.Build.0 = Debug|Any CPU
		{A8EBCD03-ED99-460A-A203-E2C2F7A85C9B}.Release|Any CPU.ActiveCfg = Release|Any CPU
		{A8EBCD03-ED99-460A-A203-E2C2F7A85C9B}.Release|Any CPU.Build.0 = Release|Any CPU
		{B1D76C9A-1E37-41AC-BB3A-CD53DB87CA2F}.Debug|Any CPU.ActiveCfg = Debug|Any CPU
		{B1D76C9A-1E37-41AC-BB3A-CD53DB87CA2F}.Debug|Any CPU.Build.0 = Debug|Any CPU
		{B1D76C9A-1E37-41AC-BB3A-CD53DB87CA2F}.Release|Any CPU.ActiveCfg = Release|Any CPU
		{B1D76C9A-1E37-41AC-BB3A-CD53DB87CA2F}.Release|Any CPU.Build.0 = Release|Any CPU
		{7214D623-E232-4FAA-A955-83C9A193B70C}.Debug|Any CPU.ActiveCfg = Debug|Any CPU
		{7214D623-E232-4FAA-A955-83C9A193B70C}.Debug|Any CPU.Build.0 = Debug|Any CPU
		{7214D623-E232-4FAA-A955-83C9A193B70C}.Release|Any CPU.ActiveCfg = Release|Any CPU
		{7214D623-E232-4FAA-A955-83C9A193B70C}.Release|Any CPU.Build.0 = Release|Any CPU
		{595A6407-F50F-4659-A425-9775CC8ECE09}.Debug|Any CPU.ActiveCfg = Debug|Any CPU
		{595A6407-F50F-4659-A425-9775CC8ECE09}.Debug|Any CPU.Build.0 = Debug|Any CPU
		{595A6407-F50F-4659-A425-9775CC8ECE09}.Release|Any CPU.ActiveCfg = Release|Any CPU
		{595A6407-F50F-4659-A425-9775CC8ECE09}.Release|Any CPU.Build.0 = Release|Any CPU
		{DC8344E9-120A-4B53-B6A6-E500DC0E23CE}.Debug|Any CPU.ActiveCfg = Debug|Any CPU
		{DC8344E9-120A-4B53-B6A6-E500DC0E23CE}.Debug|Any CPU.Build.0 = Debug|Any CPU
		{DC8344E9-120A-4B53-B6A6-E500DC0E23CE}.Release|Any CPU.ActiveCfg = Release|Any CPU
		{DC8344E9-120A-4B53-B6A6-E500DC0E23CE}.Release|Any CPU.Build.0 = Release|Any CPU
		{C7424453-7FA3-4CB0-A32D-AF7A9F92210E}.Debug|Any CPU.ActiveCfg = Debug|Any CPU
		{C7424453-7FA3-4CB0-A32D-AF7A9F92210E}.Debug|Any CPU.Build.0 = Debug|Any CPU
		{C7424453-7FA3-4CB0-A32D-AF7A9F92210E}.Release|Any CPU.ActiveCfg = Release|Any CPU
		{C7424453-7FA3-4CB0-A32D-AF7A9F92210E}.Release|Any CPU.Build.0 = Release|Any CPU
	EndGlobalSection
	GlobalSection(SolutionProperties) = preSolution
		HideSolutionNode = FALSE
	EndGlobalSection
	GlobalSection(NestedProjects) = preSolution
		{0AF984C1-5AF7-4A71-B586-8EB4D11DE8FC} = {02EA681E-C7D8-13C7-8484-4AC65E1B71E8}
		{CEDD711A-29D0-4E64-8F2B-F1D00A628784} = {02EA681E-C7D8-13C7-8484-4AC65E1B71E8}
		{BB1720F2-765E-46A4-9BF9-E803DF0122AF} = {02EA681E-C7D8-13C7-8484-4AC65E1B71E8}
		{D33830AC-C125-4398-8884-98DB2CE97E27} = {D7A26F7A-4C49-40AE-8F9B-7B647AF15010}
		{5140E8C7-BEC8-4C2A-9415-94B84DD3FC02} = {D7A26F7A-4C49-40AE-8F9B-7B647AF15010}
		{78C28FC0-DCD9-41D7-86BE-69742AF9C102} = {D7A26F7A-4C49-40AE-8F9B-7B647AF15010}
		{C14DE987-2BA1-4FC1-BC1B-B9DD0A49CE5B} = {95F8CA7A-76DB-496E-93B1-42B8BB0DB8D3}
		{93AD8AE5-4BCB-418B-8DF2-A5201D6A73A7} = {95F8CA7A-76DB-496E-93B1-42B8BB0DB8D3}
		{39C50341-CBAE-4E2D-B817-4860DF497205} = {95F8CA7A-76DB-496E-93B1-42B8BB0DB8D3}
		{1994554D-CF25-4E00-A163-386048B67538} = {A2D6E567-2475-4C11-91A8-E8EE5054A586}
		{70075C98-BBFA-46BB-B2E5-F2F2A5E77E80} = {A2D6E567-2475-4C11-91A8-E8EE5054A586}
		{DF232545-12BE-40A4-9F4F-1F20C0CC4275} = {A2D6E567-2475-4C11-91A8-E8EE5054A586}
		{1F12CA63-7E82-4456-BAFD-6D50F39D1872} = {8F4A3E84-18C9-46F2-834E-9090E684CB3E}
		{5B40D6B1-242E-47F8-A61A-9C6245BFE2BE} = {8F4A3E84-18C9-46F2-834E-9090E684CB3E}
		{892D8B7C-8718-464F-9E77-5D10CBE30ABF} = {8F4A3E84-18C9-46F2-834E-9090E684CB3E}
		{A8EBCD03-ED99-460A-A203-E2C2F7A85C9B} = {5E33C9A0-1444-4DBA-A320-14F29F39915F}
		{B1D76C9A-1E37-41AC-BB3A-CD53DB87CA2F} = {5E33C9A0-1444-4DBA-A320-14F29F39915F}
		{7214D623-E232-4FAA-A955-83C9A193B70C} = {5E33C9A0-1444-4DBA-A320-14F29F39915F}
		{595A6407-F50F-4659-A425-9775CC8ECE09} = {E1DD626F-3003-491A-AAFE-0B5D454639D5}
		{DC8344E9-120A-4B53-B6A6-E500DC0E23CE} = {E1DD626F-3003-491A-AAFE-0B5D454639D5}
		{C7424453-7FA3-4CB0-A32D-AF7A9F92210E} = {E1DD626F-3003-491A-AAFE-0B5D454639D5}
	EndGlobalSection
	GlobalSection(ExtensibilityGlobals) = postSolution
		SolutionGuid = {4F709D1A-C3D0-402A-961A-2EFF3310CE72}
	EndGlobalSection
EndGlobal
